
Microsoft Visual Studio Solution File, Format Version 12.00
# Visual Studio Version 17
VisualStudioVersion = 17.0.31919.166
MinimumVisualStudioVersion = 10.0.40219.1
Project("{9A19103F-16F7-4668-BE54-9A1E7A4F7556}") = "KingAOP", "src\KingAOP.csproj", "{A49EDC74-21FB-4F62-8BBD-E495D0D896D3}"
EndProject
Project("{2150E333-8FDC-42A3-9474-1A3956D46DE8}") = "src", "src", "{B27C784D-DDFF-404E-8D15-1F5015BC9382}"
EndProject
Project("{2150E333-8FDC-42A3-9474-1A3956D46DE8}") = "test", "test", "{4F37B46B-CDC3-4D9A-8421-E2EAAECE3941}"
EndProject
Project("{9A19103F-16F7-4668-BE54-9A1E7A4F7556}") = "KingAOP_uTests", "test\KingAOP_uTests.csproj", "{AF7AC7B4-115F-4BBD-B6C9-015FC274104E}"
EndProject
Project("{9A19103F-16F7-4668-BE54-9A1E7A4F7556}") = "KingAOP_samples", "sample\KingAOP_samples.csproj", "{C220AED3-59A5-4C86-B964-1D24D40C10A7}"
EndProject
Project("{2150E333-8FDC-42A3-9474-1A3956D46DE8}") = "sample", "sample", "{9A952043-0B12-46EC-8F44-97AAC1400FD8}"
EndProject
Global
	GlobalSection(SolutionConfigurationPlatforms) = preSolution
		Debug|Any CPU = Debug|Any CPU
		Release|Any CPU = Release|Any CPU
	EndGlobalSection
	GlobalSection(ProjectConfigurationPlatforms) = postSolution
		{A49EDC74-21FB-4F62-8BBD-E495D0D896D3}.Debug|Any CPU.ActiveCfg = Debug|Any CPU
		{A49EDC74-21FB-4F62-8BBD-E495D0D896D3}.Debug|Any CPU.Build.0 = Debug|Any CPU
		{A49EDC74-21FB-4F62-8BBD-E495D0D896D3}.Release|Any CPU.ActiveCfg = Release|Any CPU
		{A49EDC74-21FB-4F62-8BBD-E495D0D896D3}.Release|Any CPU.Build.0 = Release|Any CPU
		{AF7AC7B4-115F-4BBD-B6C9-015FC274104E}.Debug|Any CPU.ActiveCfg = Debug|Any CPU
		{AF7AC7B4-115F-4BBD-B6C9-015FC274104E}.Debug|Any CPU.Build.0 = Debug|Any CPU
		{AF7AC7B4-115F-4BBD-B6C9-015FC274104E}.Release|Any CPU.ActiveCfg = Release|Any CPU
		{AF7AC7B4-115F-4BBD-B6C9-015FC274104E}.Release|Any CPU.Build.0 = Release|Any CPU
		{C220AED3-59A5-4C86-B964-1D24D40C10A7}.Debug|Any CPU.ActiveCfg = Debug|Any CPU
		{C220AED3-59A5-4C86-B964-1D24D40C10A7}.Debug|Any CPU.Build.0 = Debug|Any CPU
		{C220AED3-59A5-4C86-B964-1D24D40C10A7}.Release|Any CPU.ActiveCfg = Release|Any CPU
		{C220AED3-59A5-4C86-B964-1D24D40C10A7}.Release|Any CPU.Build.0 = Release|Any CPU
	EndGlobalSection
	GlobalSection(SolutionProperties) = preSolution
		HideSolutionNode = FALSE
	EndGlobalSection
	GlobalSection(NestedProjects) = preSolution
		{A49EDC74-21FB-4F62-8BBD-E495D0D896D3} = {B27C784D-DDFF-404E-8D15-1F5015BC9382}
		{AF7AC7B4-115F-4BBD-B6C9-015FC274104E} = {4F37B46B-CDC3-4D9A-8421-E2EAAECE3941}
		{C220AED3-59A5-4C86-B964-1D24D40C10A7} = {9A952043-0B12-46EC-8F44-97AAC1400FD8}
	EndGlobalSection
	GlobalSection(ExtensibilityGlobals) = postSolution
		SolutionGuid = {ECB13E7A-81C8-4824-86C0-F0A614E96032}
	EndGlobalSection
EndGlobal
